
Microsoft Visual Studio Solution File, Format Version 12.00
# Visual Studio Version 16
VisualStudioVersion = 16.0.30114.105
MinimumVisualStudioVersion = 10.0.40219.1
Project("{FAE04EC0-301F-11D3-BF4B-00C04F79EFBC}") = "BasicOandaApp.ConsoleApp", "BasicOandaApp.ConsoleApp\BasicOandaApp.ConsoleApp.csproj", "{611EAB3A-EA99-4CD0-854E-9E2B93979741}"
EndProject
Project("{FAE04EC0-301F-11D3-BF4B-00C04F79EFBC}") = "BasicOandaApp.CandlestockSimulator", "BasicOandaApp.CandlestockSimulator\BasicOandaApp.CandlestockSimulator.csproj", "{68463C13-031D-4A86-9F14-4B48FB97F6E6}"
EndProject
Global
	GlobalSection(SolutionConfigurationPlatforms) = preSolution
		Debug|Any CPU = Debug|Any CPU
		Release|Any CPU = Release|Any CPU
	EndGlobalSection
	GlobalSection(SolutionProperties) = preSolution
		HideSolutionNode = FALSE
	EndGlobalSection
	GlobalSection(ProjectConfigurationPlatforms) = postSolution
		{611EAB3A-EA99-4CD0-854E-9E2B93979741}.Debug|Any CPU.ActiveCfg = Debug|Any CPU
		{611EAB3A-EA99-4CD0-854E-9E2B93979741}.Debug|Any CPU.Build.0 = Debug|Any CPU
		{611EAB3A-EA99-4CD0-854E-9E2B93979741}.Release|Any CPU.ActiveCfg = Release|Any CPU
		{611EAB3A-EA99-4CD0-854E-9E2B93979741}.Release|Any CPU.Build.0 = Release|Any CPU
		{68463C13-031D-4A86-9F14-4B48FB97F6E6}.Debug|Any CPU.ActiveCfg = Debug|Any CPU
		{68463C13-031D-4A86-9F14-4B48FB97F6E6}.Debug|Any CPU.Build.0 = Debug|Any CPU
		{68463C13-031D-4A86-9F14-4B48FB97F6E6}.Release|Any CPU.ActiveCfg = Release|Any CPU
		{68463C13-031D-4A86-9F14-4B48FB97F6E6}.Release|Any CPU.Build.0 = Release|Any CPU
	EndGlobalSection
EndGlobal
